// !$*UTF8*$!
{
	archiveVersion = 1;
	classes = {
	};
	objectVersion = 55;
	objects = {

/* Begin PBXBuildFile section */
		AEA291666E2A943F085A240A /* Pods_MyCat.framework in Frameworks */ = {isa = PBXBuildFile; fileRef = 0A56E6E8F2EF676152BC5B50 /* Pods_MyCat.framework */; };
		F521182628CF84E900A32CD9 /* AppDelegate.swift in Sources */ = {isa = PBXBuildFile; fileRef = F521182528CF84E900A32CD9 /* AppDelegate.swift */; };
		F521182828CF84E900A32CD9 /* SceneDelegate.swift in Sources */ = {isa = PBXBuildFile; fileRef = F521182728CF84E900A32CD9 /* SceneDelegate.swift */; };
		F521182D28CF84E900A32CD9 /* Main.storyboard in Resources */ = {isa = PBXBuildFile; fileRef = F521182B28CF84E900A32CD9 /* Main.storyboard */; };
		F521182F28CF84EB00A32CD9 /* Assets.xcassets in Resources */ = {isa = PBXBuildFile; fileRef = F521182E28CF84EB00A32CD9 /* Assets.xcassets */; };
		F521183228CF84EB00A32CD9 /* LaunchScreen.storyboard in Resources */ = {isa = PBXBuildFile; fileRef = F521183028CF84EB00A32CD9 /* LaunchScreen.storyboard */; };
		F59C878828CF8F20000443C5 /* Cat.swift in Sources */ = {isa = PBXBuildFile; fileRef = F59C878728CF8F20000443C5 /* Cat.swift */; };
		F59C878C28D00594000443C5 /* CatImagesViewController.swift in Sources */ = {isa = PBXBuildFile; fileRef = F59C878B28D00594000443C5 /* CatImagesViewController.swift */; };
		F59C878E28D005A0000443C5 /* FavoriteViewController.swift in Sources */ = {isa = PBXBuildFile; fileRef = F59C878D28D005A0000443C5 /* FavoriteViewController.swift */; };
		F59C879028D005AF000443C5 /* MyUploadViewController.swift in Sources */ = {isa = PBXBuildFile; fileRef = F59C878F28D005AF000443C5 /* MyUploadViewController.swift */; };
		F59C879228D005BD000443C5 /* CatImagesViewModel.swift in Sources */ = {isa = PBXBuildFile; fileRef = F59C879128D005BD000443C5 /* CatImagesViewModel.swift */; };
		F59C879428D005C5000443C5 /* FavoriteViewModel.swift in Sources */ = {isa = PBXBuildFile; fileRef = F59C879328D005C5000443C5 /* FavoriteViewModel.swift */; };
		F59C879628D005D1000443C5 /* MyUploadViewModel.swift in Sources */ = {isa = PBXBuildFile; fileRef = F59C879528D005D1000443C5 /* MyUploadViewModel.swift */; };
		F59C879C28D00D25000443C5 /* ImagesCollectionViewCell.swift in Sources */ = {isa = PBXBuildFile; fileRef = F59C879B28D00D25000443C5 /* ImagesCollectionViewCell.swift */; };
		F59C879F28D03ECE000443C5 /* Constant.swift in Sources */ = {isa = PBXBuildFile; fileRef = F59C879E28D03ECE000443C5 /* Constant.swift */; };
		F59C87A928D054FA000443C5 /* Network.swift in Sources */ = {isa = PBXBuildFile; fileRef = F59C87A828D054FA000443C5 /* Network.swift */; };
/* End PBXBuildFile section */

/* Begin PBXFileReference section */
		0A56E6E8F2EF676152BC5B50 /* Pods_MyCat.framework */ = {isa = PBXFileReference; explicitFileType = wrapper.framework; includeInIndex = 0; path = Pods_MyCat.framework; sourceTree = BUILT_PRODUCTS_DIR; };
		3C4E18113F9388D2A3EC843D /* Pods-MyCat.debug.xcconfig */ = {isa = PBXFileReference; includeInIndex = 1; lastKnownFileType = text.xcconfig; name = "Pods-MyCat.debug.xcconfig"; path = "Target Support Files/Pods-MyCat/Pods-MyCat.debug.xcconfig"; sourceTree = "<group>"; };
		91DF7EC202E3C0386116A37C /* Pods-MyCat.release.xcconfig */ = {isa = PBXFileReference; includeInIndex = 1; lastKnownFileType = text.xcconfig; name = "Pods-MyCat.release.xcconfig"; path = "Target Support Files/Pods-MyCat/Pods-MyCat.release.xcconfig"; sourceTree = "<group>"; };
		F521182228CF84E900A32CD9 /* MyCat.app */ = {isa = PBXFileReference; explicitFileType = wrapper.application; includeInIndex = 0; path = MyCat.app; sourceTree = BUILT_PRODUCTS_DIR; };
		F521182528CF84E900A32CD9 /* AppDelegate.swift */ = {isa = PBXFileReference; lastKnownFileType = sourcecode.swift; path = AppDelegate.swift; sourceTree = "<group>"; };
		F521182728CF84E900A32CD9 /* SceneDelegate.swift */ = {isa = PBXFileReference; lastKnownFileType = sourcecode.swift; path = SceneDelegate.swift; sourceTree = "<group>"; };
		F521182C28CF84E900A32CD9 /* Base */ = {isa = PBXFileReference; lastKnownFileType = file.storyboard; name = Base; path = Base.lproj/Main.storyboard; sourceTree = "<group>"; };
		F521182E28CF84EB00A32CD9 /* Assets.xcassets */ = {isa = PBXFileReference; lastKnownFileType = folder.assetcatalog; path = Assets.xcassets; sourceTree = "<group>"; };
		F521183128CF84EB00A32CD9 /* Base */ = {isa = PBXFileReference; lastKnownFileType = file.storyboard; name = Base; path = Base.lproj/LaunchScreen.storyboard; sourceTree = "<group>"; };
		F521183328CF84EB00A32CD9 /* Info.plist */ = {isa = PBXFileReference; lastKnownFileType = text.plist.xml; path = Info.plist; sourceTree = "<group>"; };
		F59C878728CF8F20000443C5 /* Cat.swift */ = {isa = PBXFileReference; lastKnownFileType = sourcecode.swift; path = Cat.swift; sourceTree = "<group>"; };
		F59C878B28D00594000443C5 /* CatImagesViewController.swift */ = {isa = PBXFileReference; lastKnownFileType = sourcecode.swift; path = CatImagesViewController.swift; sourceTree = "<group>"; };
		F59C878D28D005A0000443C5 /* FavoriteViewController.swift */ = {isa = PBXFileReference; lastKnownFileType = sourcecode.swift; path = FavoriteViewController.swift; sourceTree = "<group>"; };
		F59C878F28D005AF000443C5 /* MyUploadViewController.swift */ = {isa = PBXFileReference; lastKnownFileType = sourcecode.swift; path = MyUploadViewController.swift; sourceTree = "<group>"; };
		F59C879128D005BD000443C5 /* CatImagesViewModel.swift */ = {isa = PBXFileReference; lastKnownFileType = sourcecode.swift; path = CatImagesViewModel.swift; sourceTree = "<group>"; };
		F59C879328D005C5000443C5 /* FavoriteViewModel.swift */ = {isa = PBXFileReference; lastKnownFileType = sourcecode.swift; path = FavoriteViewModel.swift; sourceTree = "<group>"; };
		F59C879528D005D1000443C5 /* MyUploadViewModel.swift */ = {isa = PBXFileReference; lastKnownFileType = sourcecode.swift; path = MyUploadViewModel.swift; sourceTree = "<group>"; };
		F59C879B28D00D25000443C5 /* ImagesCollectionViewCell.swift */ = {isa = PBXFileReference; lastKnownFileType = sourcecode.swift; path = ImagesCollectionViewCell.swift; sourceTree = "<group>"; };
		F59C879E28D03ECE000443C5 /* Constant.swift */ = {isa = PBXFileReference; lastKnownFileType = sourcecode.swift; path = Constant.swift; sourceTree = "<group>"; };
		F59C87A828D054FA000443C5 /* Network.swift */ = {isa = PBXFileReference; lastKnownFileType = sourcecode.swift; path = Network.swift; sourceTree = "<group>"; };
/* End PBXFileReference section */

/* Begin PBXFrameworksBuildPhase section */
		F521181F28CF84E900A32CD9 /* Frameworks */ = {
			isa = PBXFrameworksBuildPhase;
			buildActionMask = 2147483647;
			files = (
				AEA291666E2A943F085A240A /* Pods_MyCat.framework in Frameworks */,
			);
			runOnlyForDeploymentPostprocessing = 0;
		};
/* End PBXFrameworksBuildPhase section */

/* Begin PBXGroup section */
		B99C4548051A6CED1ABB714C /* Frameworks */ = {
			isa = PBXGroup;
			children = (
				0A56E6E8F2EF676152BC5B50 /* Pods_MyCat.framework */,
			);
			name = Frameworks;
			sourceTree = "<group>";
		};
		F521181928CF84E900A32CD9 = {
			isa = PBXGroup;
			children = (
				F521182428CF84E900A32CD9 /* MyCat */,
				F521182328CF84E900A32CD9 /* Products */,
				F7D27CE2A2F28EDCFFB7316C /* Pods */,
				B99C4548051A6CED1ABB714C /* Frameworks */,
			);
			sourceTree = "<group>";
		};
		F521182328CF84E900A32CD9 /* Products */ = {
			isa = PBXGroup;
			children = (
				F521182228CF84E900A32CD9 /* MyCat.app */,
			);
			name = Products;
			sourceTree = "<group>";
		};
		F521182428CF84E900A32CD9 /* MyCat */ = {
			isa = PBXGroup;
			children = (
				F521182528CF84E900A32CD9 /* AppDelegate.swift */,
				F521182728CF84E900A32CD9 /* SceneDelegate.swift */,
				F521182B28CF84E900A32CD9 /* Main.storyboard */,
				F521183028CF84EB00A32CD9 /* LaunchScreen.storyboard */,
				F59C878528CF86A4000443C5 /* ViewModel */,
				F59C878428CF86A1000443C5 /* View */,
				F59C879D28D03EB3000443C5 /* Constant */,
				F59C879728D00B17000443C5 /* Service */,
				F59C878628CF86A8000443C5 /* Model */,
				F521182E28CF84EB00A32CD9 /* Assets.xcassets */,
				F521183328CF84EB00A32CD9 /* Info.plist */,
			);
			path = MyCat;
			sourceTree = "<group>";
		};
		F59C878428CF86A1000443C5 /* View */ = {
			isa = PBXGroup;
			children = (
				F59C878B28D00594000443C5 /* CatImagesViewController.swift */,
				F59C878D28D005A0000443C5 /* FavoriteViewController.swift */,
				F59C878F28D005AF000443C5 /* MyUploadViewController.swift */,
				F59C879A28D00D14000443C5 /* Cell */,
			);
			path = View;
			sourceTree = "<group>";
		};
		F59C878528CF86A4000443C5 /* ViewModel */ = {
			isa = PBXGroup;
			children = (
				F59C879128D005BD000443C5 /* CatImagesViewModel.swift */,
				F59C879328D005C5000443C5 /* FavoriteViewModel.swift */,
				F59C879528D005D1000443C5 /* MyUploadViewModel.swift */,
			);
			path = ViewModel;
			sourceTree = "<group>";
		};
		F59C878628CF86A8000443C5 /* Model */ = {
			isa = PBXGroup;
			children = (
				F59C878728CF8F20000443C5 /* Cat.swift */,
			);
			path = Model;
			sourceTree = "<group>";
		};
		F59C879728D00B17000443C5 /* Service */ = {
			isa = PBXGroup;
			children = (
				F59C87A828D054FA000443C5 /* Network.swift */,
			);
			path = Service;
			sourceTree = "<group>";
		};
		F59C879A28D00D14000443C5 /* Cell */ = {
			isa = PBXGroup;
			children = (
				F59C879B28D00D25000443C5 /* ImagesCollectionViewCell.swift */,
			);
			path = Cell;
			sourceTree = "<group>";
		};
		F59C879D28D03EB3000443C5 /* Constant */ = {
			isa = PBXGroup;
			children = (
				F59C879E28D03ECE000443C5 /* Constant.swift */,
			);
			path = Constant;
			sourceTree = "<group>";
		};
		F7D27CE2A2F28EDCFFB7316C /* Pods */ = {
			isa = PBXGroup;
			children = (
				3C4E18113F9388D2A3EC843D /* Pods-MyCat.debug.xcconfig */,
				91DF7EC202E3C0386116A37C /* Pods-MyCat.release.xcconfig */,
			);
			path = Pods;
			sourceTree = "<group>";
		};
/* End PBXGroup section */

/* Begin PBXNativeTarget section */
		F521182128CF84E900A32CD9 /* MyCat */ = {
			isa = PBXNativeTarget;
			buildConfigurationList = F521183628CF84EB00A32CD9 /* Build configuration list for PBXNativeTarget "MyCat" */;
			buildPhases = (
				28AA2C650FC1A2FB67D76CDF /* [CP] Check Pods Manifest.lock */,
				F521181E28CF84E900A32CD9 /* Sources */,
				F521181F28CF84E900A32CD9 /* Frameworks */,
				F521182028CF84E900A32CD9 /* Resources */,
				04C7FE0EAA50F62A71C67D35 /* [CP] Embed Pods Frameworks */,
			);
			buildRules = (
			);
			dependencies = (
			);
			name = MyCat;
			productName = MyCat;
			productReference = F521182228CF84E900A32CD9 /* MyCat.app */;
			productType = "com.apple.product-type.application";
		};
/* End PBXNativeTarget section */

/* Begin PBXProject section */
		F521181A28CF84E900A32CD9 /* Project object */ = {
			isa = PBXProject;
			attributes = {
				BuildIndependentTargetsInParallel = 1;
				LastSwiftUpdateCheck = 1340;
				LastUpgradeCheck = 1340;
				TargetAttributes = {
					F521182128CF84E900A32CD9 = {
						CreatedOnToolsVersion = 13.4.1;
					};
				};
			};
			buildConfigurationList = F521181D28CF84E900A32CD9 /* Build configuration list for PBXProject "MyCat" */;
			compatibilityVersion = "Xcode 13.0";
			developmentRegion = en;
			hasScannedForEncodings = 0;
			knownRegions = (
				en,
				Base,
			);
			mainGroup = F521181928CF84E900A32CD9;
			productRefGroup = F521182328CF84E900A32CD9 /* Products */;
			projectDirPath = "";
			projectRoot = "";
			targets = (
				F521182128CF84E900A32CD9 /* MyCat */,
			);
		};
/* End PBXProject section */

/* Begin PBXResourcesBuildPhase section */
		F521182028CF84E900A32CD9 /* Resources */ = {
			isa = PBXResourcesBuildPhase;
			buildActionMask = 2147483647;
			files = (
				F521183228CF84EB00A32CD9 /* LaunchScreen.storyboard in Resources */,
				F521182F28CF84EB00A32CD9 /* Assets.xcassets in Resources */,
				F521182D28CF84E900A32CD9 /* Main.storyboard in Resources */,
			);
			runOnlyForDeploymentPostprocessing = 0;
		};
/* End PBXResourcesBuildPhase section */

/* Begin PBXShellScriptBuildPhase section */
		04C7FE0EAA50F62A71C67D35 /* [CP] Embed Pods Frameworks */ = {
			isa = PBXShellScriptBuildPhase;
			buildActionMask = 2147483647;
			files = (
			);
			inputFileListPaths = (
				"${PODS_ROOT}/Target Support Files/Pods-MyCat/Pods-MyCat-frameworks-${CONFIGURATION}-input-files.xcfilelist",
			);
			name = "[CP] Embed Pods Frameworks";
			outputFileListPaths = (
				"${PODS_ROOT}/Target Support Files/Pods-MyCat/Pods-MyCat-frameworks-${CONFIGURATION}-output-files.xcfilelist",
			);
			runOnlyForDeploymentPostprocessing = 0;
			shellPath = /bin/sh;
			shellScript = "\"${PODS_ROOT}/Target Support Files/Pods-MyCat/Pods-MyCat-frameworks.sh\"\n";
			showEnvVarsInLog = 0;
		};
		28AA2C650FC1A2FB67D76CDF /* [CP] Check Pods Manifest.lock */ = {
			isa = PBXShellScriptBuildPhase;
			buildActionMask = 2147483647;
			files = (
			);
			inputFileListPaths = (
			);
			inputPaths = (
				"${PODS_PODFILE_DIR_PATH}/Podfile.lock",
				"${PODS_ROOT}/Manifest.lock",
			);
			name = "[CP] Check Pods Manifest.lock";
			outputFileListPaths = (
			);
			outputPaths = (
				"$(DERIVED_FILE_DIR)/Pods-MyCat-checkManifestLockResult.txt",
			);
			runOnlyForDeploymentPostprocessing = 0;
			shellPath = /bin/sh;
			shellScript = "diff \"${PODS_PODFILE_DIR_PATH}/Podfile.lock\" \"${PODS_ROOT}/Manifest.lock\" > /dev/null\nif [ $? != 0 ] ; then\n    # print error to STDERR\n    echo \"error: The sandbox is not in sync with the Podfile.lock. Run 'pod install' or update your CocoaPods installation.\" >&2\n    exit 1\nfi\n# This output is used by Xcode 'outputs' to avoid re-running this script phase.\necho \"SUCCESS\" > \"${SCRIPT_OUTPUT_FILE_0}\"\n";
			showEnvVarsInLog = 0;
		};
/* End PBXShellScriptBuildPhase section */

/* Begin PBXSourcesBuildPhase section */
		F521181E28CF84E900A32CD9 /* Sources */ = {
			isa = PBXSourcesBuildPhase;
			buildActionMask = 2147483647;
			files = (
				F59C879428D005C5000443C5 /* FavoriteViewModel.swift in Sources */,
				F59C878828CF8F20000443C5 /* Cat.swift in Sources */,
				F59C87A928D054FA000443C5 /* Network.swift in Sources */,
				F521182628CF84E900A32CD9 /* AppDelegate.swift in Sources */,
				F59C879628D005D1000443C5 /* MyUploadViewModel.swift in Sources */,
				F59C879028D005AF000443C5 /* MyUploadViewController.swift in Sources */,
				F521182828CF84E900A32CD9 /* SceneDelegate.swift in Sources */,
				F59C879228D005BD000443C5 /* CatImagesViewModel.swift in Sources */,
				F59C879F28D03ECE000443C5 /* Constant.swift in Sources */,
				F59C878E28D005A0000443C5 /* FavoriteViewController.swift in Sources */,
				F59C879C28D00D25000443C5 /* ImagesCollectionViewCell.swift in Sources */,
				F59C878C28D00594000443C5 /* CatImagesViewController.swift in Sources */,
			);
			runOnlyForDeploymentPostprocessing = 0;
		};
/* End PBXSourcesBuildPhase section */

/* Begin PBXVariantGroup section */
		F521182B28CF84E900A32CD9 /* Main.storyboard */ = {
			isa = PBXVariantGroup;
			children = (
				F521182C28CF84E900A32CD9 /* Base */,
			);
			name = Main.storyboard;
			sourceTree = "<group>";
		};
		F521183028CF84EB00A32CD9 /* LaunchScreen.storyboard */ = {
			isa = PBXVariantGroup;
			children = (
				F521183128CF84EB00A32CD9 /* Base */,
			);
			name = LaunchScreen.storyboard;
			sourceTree = "<group>";
		};
/* End PBXVariantGroup section */

/* Begin XCBuildConfiguration section */
		F521183428CF84EB00A32CD9 /* Debug */ = {
			isa = XCBuildConfiguration;
			buildSettings = {
				ALWAYS_SEARCH_USER_PATHS = NO;
				CLANG_ANALYZER_NONNULL = YES;
				CLANG_ANALYZER_NUMBER_OBJECT_CONVERSION = YES_AGGRESSIVE;
				CLANG_CXX_LANGUAGE_STANDARD = "gnu++17";
				CLANG_ENABLE_MODULES = YES;
				CLANG_ENABLE_OBJC_ARC = YES;
				CLANG_ENABLE_OBJC_WEAK = YES;
				CLANG_WARN_BLOCK_CAPTURE_AUTORELEASING = YES;
				CLANG_WARN_BOOL_CONVERSION = YES;
				CLANG_WARN_COMMA = YES;
				CLANG_WARN_CONSTANT_CONVERSION = YES;
				CLANG_WARN_DEPRECATED_OBJC_IMPLEMENTATIONS = YES;
				CLANG_WARN_DIRECT_OBJC_ISA_USAGE = YES_ERROR;
				CLANG_WARN_DOCUMENTATION_COMMENTS = YES;
				CLANG_WARN_EMPTY_BODY = YES;
				CLANG_WARN_ENUM_CONVERSION = YES;
				CLANG_WARN_INFINITE_RECURSION = YES;
				CLANG_WARN_INT_CONVERSION = YES;
				CLANG_WARN_NON_LITERAL_NULL_CONVERSION = YES;
				CLANG_WARN_OBJC_IMPLICIT_RETAIN_SELF = YES;
				CLANG_WARN_OBJC_LITERAL_CONVERSION = YES;
				CLANG_WARN_OBJC_ROOT_CLASS = YES_ERROR;
				CLANG_WARN_QUOTED_INCLUDE_IN_FRAMEWORK_HEADER = YES;
				CLANG_WARN_RANGE_LOOP_ANALYSIS = YES;
				CLANG_WARN_STRICT_PROTOTYPES = YES;
				CLANG_WARN_SUSPICIOUS_MOVE = YES;
				CLANG_WARN_UNGUARDED_AVAILABILITY = YES_AGGRESSIVE;
				CLANG_WARN_UNREACHABLE_CODE = YES;
				CLANG_WARN__DUPLICATE_METHOD_MATCH = YES;
				COPY_PHASE_STRIP = NO;
				DEBUG_INFORMATION_FORMAT = dwarf;
				ENABLE_STRICT_OBJC_MSGSEND = YES;
				ENABLE_TESTABILITY = YES;
				GCC_C_LANGUAGE_STANDARD = gnu11;
				GCC_DYNAMIC_NO_PIC = NO;
				GCC_NO_COMMON_BLOCKS = YES;
				GCC_OPTIMIZATION_LEVEL = 0;
				GCC_PREPROCESSOR_DEFINITIONS = (
					"DEBUG=1",
					"$(inherited)",
				);
				GCC_WARN_64_TO_32_BIT_CONVERSION = YES;
				GCC_WARN_ABOUT_RETURN_TYPE = YES_ERROR;
				GCC_WARN_UNDECLARED_SELECTOR = YES;
				GCC_WARN_UNINITIALIZED_AUTOS = YES_AGGRESSIVE;
				GCC_WARN_UNUSED_FUNCTION = YES;
				GCC_WARN_UNUSED_VARIABLE = YES;
				IPHONEOS_DEPLOYMENT_TARGET = 15.5;
				MTL_ENABLE_DEBUG_INFO = INCLUDE_SOURCE;
				MTL_FAST_MATH = YES;
				ONLY_ACTIVE_ARCH = YES;
				SDKROOT = iphoneos;
				SWIFT_ACTIVE_COMPILATION_CONDITIONS = DEBUG;
				SWIFT_OPTIMIZATION_LEVEL = "-Onone";
			};
			name = Debug;
		};
		F521183528CF84EB00A32CD9 /* Release */ = {
			isa = XCBuildConfiguration;
			buildSettings = {
				ALWAYS_SEARCH_USER_PATHS = NO;
				CLANG_ANALYZER_NONNULL = YES;
				CLANG_ANALYZER_NUMBER_OBJECT_CONVERSION = YES_AGGRESSIVE;
				CLANG_CXX_LANGUAGE_STANDARD = "gnu++17";
				CLANG_ENABLE_MODULES = YES;
				CLANG_ENABLE_OBJC_ARC = YES;
				CLANG_ENABLE_OBJC_WEAK = YES;
				CLANG_WARN_BLOCK_CAPTURE_AUTORELEASING = YES;
				CLANG_WARN_BOOL_CONVERSION = YES;
				CLANG_WARN_COMMA = YES;
				CLANG_WARN_CONSTANT_CONVERSION = YES;
				CLANG_WARN_DEPRECATED_OBJC_IMPLEMENTATIONS = YES;
				CLANG_WARN_DIRECT_OBJC_ISA_USAGE = YES_ERROR;
				CLANG_WARN_DOCUMENTATION_COMMENTS = YES;
				CLANG_WARN_EMPTY_BODY = YES;
				CLANG_WARN_ENUM_CONVERSION = YES;
				CLANG_WARN_INFINITE_RECURSION = YES;
				CLANG_WARN_INT_CONVERSION = YES;
				CLANG_WARN_NON_LITERAL_NULL_CONVERSION = YES;
				CLANG_WARN_OBJC_IMPLICIT_RETAIN_SELF = YES;
				CLANG_WARN_OBJC_LITERAL_CONVERSION = YES;
				CLANG_WARN_OBJC_ROOT_CLASS = YES_ERROR;
				CLANG_WARN_QUOTED_INCLUDE_IN_FRAMEWORK_HEADER = YES;
				CLANG_WARN_RANGE_LOOP_ANALYSIS = YES;
				CLANG_WARN_STRICT_PROTOTYPES = YES;
				CLANG_WARN_SUSPICIOUS_MOVE = YES;
				CLANG_WARN_UNGUARDED_AVAILABILITY = YES_AGGRESSIVE;
				CLANG_WARN_UNREACHABLE_CODE = YES;
				CLANG_WARN__DUPLICATE_METHOD_MATCH = YES;
				COPY_PHASE_STRIP = NO;
				DEBUG_INFORMATION_FORMAT = "dwarf-with-dsym";
				ENABLE_NS_ASSERTIONS = NO;
				ENABLE_STRICT_OBJC_MSGSEND = YES;
				GCC_C_LANGUAGE_STANDARD = gnu11;
				GCC_NO_COMMON_BLOCKS = YES;
				GCC_WARN_64_TO_32_BIT_CONVERSION = YES;
				GCC_WARN_ABOUT_RETURN_TYPE = YES_ERROR;
				GCC_WARN_UNDECLARED_SELECTOR = YES;
				GCC_WARN_UNINITIALIZED_AUTOS = YES_AGGRESSIVE;
				GCC_WARN_UNUSED_FUNCTION = YES;
				GCC_WARN_UNUSED_VARIABLE = YES;
				IPHONEOS_DEPLOYMENT_TARGET = 15.5;
				MTL_ENABLE_DEBUG_INFO = NO;
				MTL_FAST_MATH = YES;
				SDKROOT = iphoneos;
				SWIFT_COMPILATION_MODE = wholemodule;
				SWIFT_OPTIMIZATION_LEVEL = "-O";
				VALIDATE_PRODUCT = YES;
			};
			name = Release;
		};
		F521183728CF84EB00A32CD9 /* Debug */ = {
			isa = XCBuildConfiguration;
			baseConfigurationReference = 3C4E18113F9388D2A3EC843D /* Pods-MyCat.debug.xcconfig */;
			buildSettings = {
				ASSETCATALOG_COMPILER_APPICON_NAME = AppIcon;
				ASSETCATALOG_COMPILER_GLOBAL_ACCENT_COLOR_NAME = AccentColor;
				CODE_SIGN_STYLE = Automatic;
				CURRENT_PROJECT_VERSION = 1;
				DEVELOPMENT_TEAM = 8D25AB624P;
				GENERATE_INFOPLIST_FILE = YES;
				INFOPLIST_FILE = MyCat/Info.plist;
				INFOPLIST_KEY_UIApplicationSupportsIndirectInputEvents = YES;
				INFOPLIST_KEY_UILaunchStoryboardName = LaunchScreen;
				INFOPLIST_KEY_UIMainStoryboardFile = Main;
				INFOPLIST_KEY_UISupportedInterfaceOrientations_iPad = "UIInterfaceOrientationPortrait UIInterfaceOrientationPortraitUpsideDown UIInterfaceOrientationLandscapeLeft UIInterfaceOrientationLandscapeRight";
				INFOPLIST_KEY_UISupportedInterfaceOrientations_iPhone = "UIInterfaceOrientationPortrait UIInterfaceOrientationLandscapeLeft UIInterfaceOrientationLandscapeRight";
				IPHONEOS_DEPLOYMENT_TARGET = 14.0;
				LD_RUNPATH_SEARCH_PATHS = (
					"$(inherited)",
					"@executable_path/Frameworks",
				);
				MARKETING_VERSION = 1.0;
				PRODUCT_BUNDLE_IDENTIFIER = com.chris.MyCat;
				PRODUCT_NAME = "$(TARGET_NAME)";
				SWIFT_EMIT_LOC_STRINGS = YES;
				SWIFT_VERSION = 5.0;
				TARGETED_DEVICE_FAMILY = "1,2";
			};
			name = Debug;
		};
		F521183828CF84EB00A32CD9 /* Release */ = {
			isa = XCBuildConfiguration;
			baseConfigurationReference = 91DF7EC202E3C0386116A37C /* Pods-MyCat.release.xcconfig */;
			buildSettings = {
				ASSETCATALOG_COMPILER_APPICON_NAME = AppIcon;
				ASSETCATALOG_COMPILER_GLOBAL_ACCENT_COLOR_NAME = AccentColor;
				CODE_SIGN_STYLE = Automatic;
				CURRENT_PROJECT_VERSION = 1;
				DEVELOPMENT_TEAM = 8D25AB624P;
				GENERATE_INFOPLIST_FILE = YES;
				INFOPLIST_FILE = MyCat/Info.plist;
				INFOPLIST_KEY_UIApplicationSupportsIndirectInputEvents = YES;
				INFOPLIST_KEY_UILaunchStoryboardName = LaunchScreen;
				INFOPLIST_KEY_UIMainStoryboardFile = Main;
				INFOPLIST_KEY_UISupportedInterfaceOrientations_iPad = "UIInterfaceOrientationPortrait UIInterfaceOrientationPortraitUpsideDown UIInterfaceOrientationLandscapeLeft UIInterfaceOrientationLandscapeRight";
				INFOPLIST_KEY_UISupportedInterfaceOrientations_iPhone = "UIInterfaceOrientationPortrait UIInterfaceOrientationLandscapeLeft UIInterfaceOrientationLandscapeRight";
				IPHONEOS_DEPLOYMENT_TARGET = 14.0;
				LD_RUNPATH_SEARCH_PATHS = (
					"$(inherited)",
					"@executable_path/Frameworks",
				);
				MARKETING_VERSION = 1.0;
				PRODUCT_BUNDLE_IDENTIFIER = com.chris.MyCat;
				PRODUCT_NAME = "$(TARGET_NAME)";
				SWIFT_EMIT_LOC_STRINGS = YES;
				SWIFT_VERSION = 5.0;
				TARGETED_DEVICE_FAMILY = "1,2";
			};
			name = Release;
		};
/* End XCBuildConfiguration section */

/* Begin XCConfigurationList section */
		F521181D28CF84E900A32CD9 /* Build configuration list for PBXProject "MyCat" */ = {
			isa = XCConfigurationList;
			buildConfigurations = (
				F521183428CF84EB00A32CD9 /* Debug */,
				F521183528CF84EB00A32CD9 /* Release */,
			);
			defaultConfigurationIsVisible = 0;
			defaultConfigurationName = Release;
		};
		F521183628CF84EB00A32CD9 /* Build configuration list for PBXNativeTarget "MyCat" */ = {
			isa = XCConfigurationList;
			buildConfigurations = (
				F521183728CF84EB00A32CD9 /* Debug */,
				F521183828CF84EB00A32CD9 /* Release */,
			);
			defaultConfigurationIsVisible = 0;
			defaultConfigurationName = Release;
		};
/* End XCConfigurationList section */
	};
	rootObject = F521181A28CF84E900A32CD9 /* Project object */;
}
